
Microsoft Visual Studio Solution File, Format Version 12.00
# Visual Studio Version 17
VisualStudioVersion = 17.7.34031.279
MinimumVisualStudioVersion = 10.0.40219.1
Project("{FAE04EC0-301F-11D3-BF4B-00C04F79EFBC}") = "ClassAndObject", "ClassAndObject\ClassAndObject.csproj", "{FE707131-7816-436C-926A-6175C730D925}"
EndProject
Global
	GlobalSection(SolutionConfigurationPlatforms) = preSolution
		Debug|Any CPU = Debug|Any CPU
		Release|Any CPU = Release|Any CPU
	EndGlobalSection
	GlobalSection(ProjectConfigurationPlatforms) = postSolution
		{FE707131-7816-436C-926A-6175C730D925}.Debug|Any CPU.ActiveCfg = Debug|Any CPU
		{FE707131-7816-436C-926A-6175C730D925}.Debug|Any CPU.Build.0 = Debug|Any CPU
		{FE707131-7816-436C-926A-6175C730D925}.Release|Any CPU.ActiveCfg = Release|Any CPU
		{FE707131-7816-436C-926A-6175C730D925}.Release|Any CPU.Build.0 = Release|Any CPU
	EndGlobalSection
	GlobalSection(SolutionProperties) = preSolution
		HideSolutionNode = FALSE
	EndGlobalSection
	GlobalSection(ExtensibilityGlobals) = postSolution
		SolutionGuid = {1C423269-EABA-4CE0-AED7-59ECA3A30A57}
	EndGlobalSection
EndGlobal
