
Microsoft Visual Studio Solution File, Format Version 12.00
# Visual Studio Version 17
VisualStudioVersion = 17.7.34031.279
MinimumVisualStudioVersion = 10.0.40219.1
Project("{FAE04EC0-301F-11D3-BF4B-00C04F79EFBC}") = "Data_Variables_DataType", "Data_Variables_DataType\Data_Variables_DataType.csproj", "{DB660961-D633-4135-9275-E3C74618A4AD}"
EndProject
Project("{FAE04EC0-301F-11D3-BF4B-00C04F79EFBC}") = "DataTypes", "DataTypes\DataTypes.csproj", "{58AE591B-5932-43A4-99C3-53391E5BD78F}"
EndProject
Global
	GlobalSection(SolutionConfigurationPlatforms) = preSolution
		Debug|Any CPU = Debug|Any CPU
		Release|Any CPU = Release|Any CPU
	EndGlobalSection
	GlobalSection(ProjectConfigurationPlatforms) = postSolution
		{DB660961-D633-4135-9275-E3C74618A4AD}.Debug|Any CPU.ActiveCfg = Debug|Any CPU
		{DB660961-D633-4135-9275-E3C74618A4AD}.Debug|Any CPU.Build.0 = Debug|Any CPU
		{DB660961-D633-4135-9275-E3C74618A4AD}.Release|Any CPU.ActiveCfg = Release|Any CPU
		{DB660961-D633-4135-9275-E3C74618A4AD}.Release|Any CPU.Build.0 = Release|Any CPU
		{58AE591B-5932-43A4-99C3-53391E5BD78F}.Debug|Any CPU.ActiveCfg = Debug|Any CPU
		{58AE591B-5932-43A4-99C3-53391E5BD78F}.Debug|Any CPU.Build.0 = Debug|Any CPU
		{58AE591B-5932-43A4-99C3-53391E5BD78F}.Release|Any CPU.ActiveCfg = Release|Any CPU
		{58AE591B-5932-43A4-99C3-53391E5BD78F}.Release|Any CPU.Build.0 = Release|Any CPU
	EndGlobalSection
	GlobalSection(SolutionProperties) = preSolution
		HideSolutionNode = FALSE
	EndGlobalSection
	GlobalSection(ExtensibilityGlobals) = postSolution
		SolutionGuid = {FBE7C12D-29B2-4F7B-9A20-6DECA0AC766C}
	EndGlobalSection
EndGlobal
