
Microsoft Visual Studio Solution File, Format Version 12.00
# Visual Studio Version 17
VisualStudioVersion = 17.7.34031.279
MinimumVisualStudioVersion = 10.0.40219.1
Project("{FAE04EC0-301F-11D3-BF4B-00C04F79EFBC}") = "ArithmeticOperator", "ArithmeticOperator\ArithmeticOperator.csproj", "{A1062836-41EA-495C-813D-8DDD3B0B8417}"
EndProject
Global
	GlobalSection(SolutionConfigurationPlatforms) = preSolution
		Debug|Any CPU = Debug|Any CPU
		Release|Any CPU = Release|Any CPU
	EndGlobalSection
	GlobalSection(ProjectConfigurationPlatforms) = postSolution
		{A1062836-41EA-495C-813D-8DDD3B0B8417}.Debug|Any CPU.ActiveCfg = Debug|Any CPU
		{A1062836-41EA-495C-813D-8DDD3B0B8417}.Debug|Any CPU.Build.0 = Debug|Any CPU
		{A1062836-41EA-495C-813D-8DDD3B0B8417}.Release|Any CPU.ActiveCfg = Release|Any CPU
		{A1062836-41EA-495C-813D-8DDD3B0B8417}.Release|Any CPU.Build.0 = Release|Any CPU
	EndGlobalSection
	GlobalSection(SolutionProperties) = preSolution
		HideSolutionNode = FALSE
	EndGlobalSection
	GlobalSection(ExtensibilityGlobals) = postSolution
		SolutionGuid = {87E34021-0FAD-4A0E-B25F-747DF0D59A79}
	EndGlobalSection
EndGlobal
